# This file is generated by running "yarn install" inside your project.
# Manual changes might be lost - proceed with caution!

__metadata:
  version: 8
  cacheKey: 10c0

"@types/lodash@npm:^4":
  version: 4.17.12
  resolution: "@types/lodash@npm:4.17.12"
  checksum: 10c0/106008f628ea3c74ed7ee7842dee79e230c84e3721ac38c293700031adb5bd130113048c22f476dbde0d0c119506b0fc447d4bd62eca922682d11e00e1377967
  languageName: node
  linkType: hard

"import-test@workspace:.":
  version: 0.0.0-use.local
  resolution: "import-test@workspace:."
  dependencies:
    "@types/lodash": "npm:^4"
    lodash: "npm:^4.17.21"
  languageName: unknown
  linkType: soft

"lodash@npm:^4.17.21":
  version: 4.17.21
  resolution: "lodash@npm:4.17.21"
  checksum: 10c0/d8cbea072bb08655bb4c989da418994b073a608dffa608b09ac04b43a791b12aeae7cd7ad919aa4c925f33b48490b5cfe6c1f71d827956071dae2e7bb3a6b74c
  languageName: node
  linkType: hard
